{
  "name": "bassngx",
  "version": "0.0.0",
  "lockfileVersion": 1,
  "requires": true,
  "dependencies": {
    "@tonaljs/abc-notation": {
      "version": "3.5.4",
      "resolved": "https://registry.npmjs.org/@tonaljs/abc-notation/-/abc-notation-3.5.4.tgz",
      "integrity": "sha512-vRFDKxLOY2n3GR6NSzl+9OpAO3Bbw54XupfF5obOztaMHGMW3CoCnv7D2YUPNtvWvEKnKAC4LjU6/VZFOxqk6Q==",
      "requires": {
        "@tonaljs/core": "^3.5.3"
      }
    },
    "@tonaljs/array": {
      "version": "3.2.8",
      "resolved": "https://registry.npmjs.org/@tonaljs/array/-/array-3.2.8.tgz",
      "integrity": "sha512-c0q1ENeUPfWKtM7iqyZdd2z+HzcjN+EUQRrz4//t+JRWaUL4pHQh5eccIhXhPPtOppj8/CYQClFtJ+F4VOPMBQ==",
      "requires": {
        "@tonaljs/core": "^3.5.3"
      }
    },
    "@tonaljs/chord": {
      "version": "3.6.3",
      "resolved": "https://registry.npmjs.org/@tonaljs/chord/-/chord-3.6.3.tgz",
      "integrity": "sha512-bj7dBHLNLZ1zk2T/imkb8fjYtcYOeiP4ln9Z3QSD0AAWFy8JOPZfs1rsbUVjlhTKYEiZMG0kVKtrk7IEhz/Isw==",
      "requires": {
        "@tonaljs/chord-detect": "^3.5.4",
        "@tonaljs/chord-type": "^3.5.4",
        "@tonaljs/collection": "^3.5.3",
        "@tonaljs/core": "^3.5.3",
        "@tonaljs/pcset": "^3.5.3",
        "@tonaljs/scale-type": "^3.5.4"
      }
    },
    "@tonaljs/chord-detect": {
      "version": "3.5.4",
      "resolved": "https://registry.npmjs.org/@tonaljs/chord-detect/-/chord-detect-3.5.4.tgz",
      "integrity": "sha512-+g00XJxt6kAHfX2Vb2r+f6RXEnZumkvAmEvKxHPPyMpjCC9lKfCnI6bRhQZwJMgdvuJbngGebuchHA8piAcw/Q==",
      "requires": {
        "@tonaljs/chord-type": "^3.5.4",
        "@tonaljs/core": "^3.5.3",
        "@tonaljs/pcset": "^3.5.3"
      }
    },
    "@tonaljs/chord-type": {
      "version": "3.5.4",
      "resolved": "https://registry.npmjs.org/@tonaljs/chord-type/-/chord-type-3.5.4.tgz",
      "integrity": "sha512-Y6/HPfhNzc1UgB/QlLUuha4/vi65dAJdiA3NlUFOgU+V2lZqZw+pf49VPHvGMj0JE0nG3xLBYzfux39ZwtBfWg==",
      "requires": {
        "@tonaljs/core": "^3.5.3",
        "@tonaljs/pcset": "^3.5.3"
      }
    },
    "@tonaljs/collection": {
      "version": "3.5.3",
      "resolved": "https://registry.npmjs.org/@tonaljs/collection/-/collection-3.5.3.tgz",
      "integrity": "sha512-RzEsHhbaZCAREWy0XuNRkHO//RgpoTw3FeWA7aeCyuVr2B36neLDnihBmo9T6KZBO/hSLcmPQy/NOEcvhsaVuA=="
    },
    "@tonaljs/core": {
      "version": "3.5.3",
      "resolved": "https://registry.npmjs.org/@tonaljs/core/-/core-3.5.3.tgz",
      "integrity": "sha512-FekC8POq8tEJnMlBy93xfvjhb9/OPgdc7x6zw2DmZVJHDBZDseZoDEAPm+L5dHUbnBwJAEM/ZMmv2Csq7sFdhw=="
    },
    "@tonaljs/duration-value": {
      "version": "3.6.3",
      "resolved": "https://registry.npmjs.org/@tonaljs/duration-value/-/duration-value-3.6.3.tgz",
      "integrity": "sha512-y+jFjfb5Knu9QR+w8n3YnWqTaJmeDJr5SYLZZiG/BMvIr7BX40hma/F7IdQ6fi6e0gD+cm0VNCTlTDXVnUmdww=="
    },
    "@tonaljs/interval": {
      "version": "3.5.3",
      "resolved": "https://registry.npmjs.org/@tonaljs/interval/-/interval-3.5.3.tgz",
      "integrity": "sha512-N5nn+vqrea1k6ERfcbBwp30rduC05x/NLwEN5W0F25u4NNzf4G5gkDgsnHjnqpYzckeidDVrzISgMmQ88ycJpA==",
      "requires": {
        "@tonaljs/core": "^3.5.3"
      }
    },
    "@tonaljs/key": {
      "version": "3.5.5",
      "resolved": "https://registry.npmjs.org/@tonaljs/key/-/key-3.5.5.tgz",
      "integrity": "sha512-3WRrPin/kMlaAsx0/PhJqKAMwO97PZmlN8399S5/B1Peh9BUin1ChteyjfLwsfcjkhfWh35jB+Pp8XG8iQRc6A==",
      "requires": {
        "@tonaljs/core": "^3.5.3",
        "@tonaljs/note": "^3.5.3",
        "@tonaljs/roman-numeral": "^3.5.3"
      }
    },
    "@tonaljs/midi": {
      "version": "3.5.3",
      "resolved": "https://registry.npmjs.org/@tonaljs/midi/-/midi-3.5.3.tgz",
      "integrity": "sha512-xc/MwuNOS90F5DCcjrxcMyHcCXnq6wmPyE/CubPm+6Deemqn+5OEnzvUQujDnW/+O//Gk4+ROIPPvWq1ifSV5w==",
      "requires": {
        "@tonaljs/core": "^3.5.3"
      }
    },
    "@tonaljs/mode": {
      "version": "3.5.3",
      "resolved": "https://registry.npmjs.org/@tonaljs/mode/-/mode-3.5.3.tgz",
      "integrity": "sha512-sJfHA0kKewPj3DRi7Jw7FSyPk4Cm6awno2E59RXuPq+isIpf1sLH9bN1JlvI+xGYkWv15N4RLdr8NeFRHDoYeQ==",
      "requires": {
        "@tonaljs/core": "^3.5.3",
        "@tonaljs/pcset": "^3.5.3"
      }
    },
    "@tonaljs/note": {
      "version": "3.5.3",
      "resolved": "https://registry.npmjs.org/@tonaljs/note/-/note-3.5.3.tgz",
      "integrity": "sha512-UPOHFrVHwtJQMllM66RDG4sH6d3OP7X5H7eJVzclEhRjb1OGqz2HVSLjZw8C3LMr2kgRoICge+wOaYrOUfMBQw==",
      "requires": {
        "@tonaljs/core": "^3.5.3",
        "@tonaljs/midi": "^3.5.3"
      }
    },
    "@tonaljs/pcset": {
      "version": "3.5.3",
      "resolved": "https://registry.npmjs.org/@tonaljs/pcset/-/pcset-3.5.3.tgz",
      "integrity": "sha512-DOqgF+WLZijXMX1hNycmlGFsOOrYC6bjAHAFvlVjjG+3+qMOwPscIFla4xW+CMcI4VKdfWW5mlUEsbWsPsdTUQ==",
      "requires": {
        "@tonaljs/collection": "^3.5.3",
        "@tonaljs/core": "^3.5.3"
      }
    },
    "@tonaljs/progression": {
      "version": "3.5.5",
      "resolved": "https://registry.npmjs.org/@tonaljs/progression/-/progression-3.5.5.tgz",
      "integrity": "sha512-eNPTFpl02SskExyEF9YF69joQOi0zbwu6+WdGpBiOQRRNJmmkiExvEvSopQQuJLZAVghHVqA+vJJfwjVs9ZG9w==",
      "requires": {
        "@tonaljs/chord": "^3.6.3",
        "@tonaljs/core": "^3.5.3",
        "@tonaljs/roman-numeral": "^3.5.3"
      }
    },
    "@tonaljs/range": {
      "version": "3.5.3",
      "resolved": "https://registry.npmjs.org/@tonaljs/range/-/range-3.5.3.tgz",
      "integrity": "sha512-isMgF4OKKOajy1UoqYQUXhMZUWVUX7/1aTl3XNp21AJZ5wcESxxUj/UUCBLNEI0pqq6M30AxIiGaUBIHdMbyFg==",
      "requires": {
        "@tonaljs/collection": "^3.5.3",
        "@tonaljs/midi": "^3.5.3"
      }
    },
    "@tonaljs/roman-numeral": {
      "version": "3.5.3",
      "resolved": "https://registry.npmjs.org/@tonaljs/roman-numeral/-/roman-numeral-3.5.3.tgz",
      "integrity": "sha512-lRsjo2Y95+pPGGpbS/SO22bns6revimiDq4EvNGZhJc4ey6JoOTck+Yd0GVnAxwiObgSSYoGk5Em4QXbxkpC7w==",
      "requires": {
        "@tonaljs/core": "^3.5.3"
      }
    },
    "@tonaljs/scale": {
      "version": "3.5.5",
      "resolved": "https://registry.npmjs.org/@tonaljs/scale/-/scale-3.5.5.tgz",
      "integrity": "sha512-QwFZcRB7vHdD2foK9fcMZfbVPioOZdPi7zhSgVayXlzxIqiqgy1itbS/VS3rUtINuLGH01vlXzKrH84+9YxZRQ==",
      "requires": {
        "@tonaljs/chord-type": "^3.5.4",
        "@tonaljs/collection": "^3.5.3",
        "@tonaljs/core": "^3.5.3",
        "@tonaljs/note": "^3.5.3",
        "@tonaljs/pcset": "^3.5.3",
        "@tonaljs/scale-type": "^3.5.4"
      }
    },
    "@tonaljs/scale-type": {
      "version": "3.5.4",
      "resolved": "https://registry.npmjs.org/@tonaljs/scale-type/-/scale-type-3.5.4.tgz",
      "integrity": "sha512-XLE2RqRlVl+wD8hgd9iKkzYArxrS60422bS0azSY/lLKC+N3Fcg7lncfW5NkbZ4srDs5Dt+qsYmlfvOrYzDOmw==",
      "requires": {
        "@tonaljs/core": "^3.5.3",
        "@tonaljs/pcset": "^3.5.3"
      }
    },
    "@tonaljs/time-signature": {
      "version": "3.6.3",
      "resolved": "https://registry.npmjs.org/@tonaljs/time-signature/-/time-signature-3.6.3.tgz",
      "integrity": "sha512-M1WNX6btgY53NDV6/aNZl6wAzRbjam3P2edSf1+ptZ0PZEayf/eCx8A0A2oXHFpOT+p/D2SV2EWGrTGtlu1E+Q=="
    },
    "@tonaljs/tonal": {
      "version": "3.7.4",
      "resolved": "https://registry.npmjs.org/@tonaljs/tonal/-/tonal-3.7.4.tgz",
      "integrity": "sha512-r4J8vYUFI3sPjDJg32jUOFYuSqvzjstVJdOiB70Vf2fNTuQzGb0dYtvOg3Q8h6CkIzO5ak7EYSgeKrZNuOnx5g==",
      "requires": {
        "@tonaljs/abc-notation": "^3.5.4",
        "@tonaljs/array": "^3.2.8",
        "@tonaljs/chord": "^3.6.3",
        "@tonaljs/chord-type": "^3.5.4",
        "@tonaljs/collection": "^3.5.3",
        "@tonaljs/core": "^3.5.3",
        "@tonaljs/duration-value": "^3.6.3",
        "@tonaljs/interval": "^3.5.3",
        "@tonaljs/key": "^3.5.5",
        "@tonaljs/midi": "^3.5.3",
        "@tonaljs/mode": "^3.5.3",
        "@tonaljs/note": "^3.5.3",
        "@tonaljs/pcset": "^3.5.3",
        "@tonaljs/progression": "^3.5.5",
        "@tonaljs/range": "^3.5.3",
        "@tonaljs/roman-numeral": "^3.5.3",
        "@tonaljs/scale": "^3.5.5",
        "@tonaljs/scale-type": "^3.5.4",
        "@tonaljs/time-signature": "^3.6.3"
      }
    },
    "@types/jasmine": {
      "version": "2.8.9",
      "resolved": "https://registry.npmjs.org/@types/jasmine/-/jasmine-2.8.9.tgz",
      "integrity": "sha512-8dPZwjosElZOGGYw1nwTvOEMof4gjwAWNFS93nBI091BoEfd5drnHOLRMiRF/LOPuMTn5LgEdv0bTUO8QFVuHQ==",
      "dev": true
    },
    "@types/jasminewd2": {
      "version": "2.0.5",
      "resolved": "https://registry.npmjs.org/@types/jasminewd2/-/jasminewd2-2.0.5.tgz",
      "integrity": "sha512-1awkm/O4pQCR9hI2F80HmIOda/L+ogkSL8Arj1k00eue5VLY5ooewhSOyF/cUJE0S+/34uD5EYY3zmd6fu2OCA==",
      "dev": true,
      "requires": {
        "@types/jasmine": "*"
      }
    },
    "rxjs": {
      "version": "6.3.3",
      "resolved": "https://registry.npmjs.org/rxjs/-/rxjs-6.3.3.tgz",
      "integrity": "sha512-JTWmoY9tWCs7zvIk/CvRjhjGaOd+OVBM987mxFo+OW66cGpdKjZcpmc74ES1sB//7Kl/PAe8+wEakuhG4pcgOw==",
      "requires": {
        "tslib": "^1.9.0"
      }
    },
    "tslib": {
      "version": "1.9.3",
      "resolved": "https://registry.npmjs.org/tslib/-/tslib-1.9.3.tgz",
      "integrity": "sha512-4krF8scpejhaOgqzBEcGM7yDIEfi0/8+8zDRZhNZZ2kjmHJ4hv3zCbQWxoJGz1iw5U0Jl0nma13xzHXcncMavQ=="
    }
  }
}
